
Microsoft Visual Studio Solution File, Format Version 12.00
# Visual Studio Version 17
VisualStudioVersion = 17.5.33516.290
MinimumVisualStudioVersion = 10.0.40219.1
Project("{9A19103F-16F7-4668-BE54-9A1E7A4F7556}") = "ShopRUs-Discount-API-Minimal", "ShopRUs-Discount-API-Minimal\ShopRUs-Discount-API-Minimal.csproj", "{DA39A1D0-BA39-4B74-B4F4-D641DFFBE305}"
EndProject
Project("{FAE04EC0-301F-11D3-BF4B-00C04F79EFBC}") = "ShopRUsTest", "ShopRUsTest\ShopRUsTest.csproj", "{3F41BE69-D2A2-4E53-A5B1-BE90016D34A4}"
EndProject
Global
	GlobalSection(SolutionConfigurationPlatforms) = preSolution
		Debug|Any CPU = Debug|Any CPU
		Release|Any CPU = Release|Any CPU
	EndGlobalSection
	GlobalSection(ProjectConfigurationPlatforms) = postSolution
		{DA39A1D0-BA39-4B74-B4F4-D641DFFBE305}.Debug|Any CPU.ActiveCfg = Debug|Any CPU
		{DA39A1D0-BA39-4B74-B4F4-D641DFFBE305}.Debug|Any CPU.Build.0 = Debug|Any CPU
		{DA39A1D0-BA39-4B74-B4F4-D641DFFBE305}.Release|Any CPU.ActiveCfg = Release|Any CPU
		{DA39A1D0-BA39-4B74-B4F4-D641DFFBE305}.Release|Any CPU.Build.0 = Release|Any CPU
		{3F41BE69-D2A2-4E53-A5B1-BE90016D34A4}.Debug|Any CPU.ActiveCfg = Debug|Any CPU
		{3F41BE69-D2A2-4E53-A5B1-BE90016D34A4}.Debug|Any CPU.Build.0 = Debug|Any CPU
		{3F41BE69-D2A2-4E53-A5B1-BE90016D34A4}.Release|Any CPU.ActiveCfg = Release|Any CPU
		{3F41BE69-D2A2-4E53-A5B1-BE90016D34A4}.Release|Any CPU.Build.0 = Release|Any CPU
	EndGlobalSection
	GlobalSection(SolutionProperties) = preSolution
		HideSolutionNode = FALSE
	EndGlobalSection
	GlobalSection(ExtensibilityGlobals) = postSolution
		SolutionGuid = {18984FF5-7295-47DC-A91A-3994C9194784}
	EndGlobalSection
EndGlobal
